
Microsoft Visual Studio Solution File, Format Version 12.00
# Visual Studio 15
VisualStudioVersion = 15.0.28307.168
MinimumVisualStudioVersion = 10.0.40219.1
Project("{FAE04EC0-301F-11D3-BF4B-00C04F79EFBC}") = "CrdModel", "CrdModel\CrdModel.csproj", "{F388C85E-2E4C-4533-B0D0-F8CCE4F6CA92}"
EndProject
Project("{FAE04EC0-301F-11D3-BF4B-00C04F79EFBC}") = "ViewShell", "ViewShell\ViewShell.csproj", "{336A3CBD-F5F2-4DA6-8282-9A0C2703F278}"
EndProject
Global
	GlobalSection(SolutionConfigurationPlatforms) = preSolution
		Debug|Any CPU = Debug|Any CPU
		Release|Any CPU = Release|Any CPU
	EndGlobalSection
	GlobalSection(ProjectConfigurationPlatforms) = postSolution
		{F388C85E-2E4C-4533-B0D0-F8CCE4F6CA92}.Debug|Any CPU.ActiveCfg = Debug|Any CPU
		{F388C85E-2E4C-4533-B0D0-F8CCE4F6CA92}.Debug|Any CPU.Build.0 = Debug|Any CPU
		{F388C85E-2E4C-4533-B0D0-F8CCE4F6CA92}.Release|Any CPU.ActiveCfg = Release|Any CPU
		{F388C85E-2E4C-4533-B0D0-F8CCE4F6CA92}.Release|Any CPU.Build.0 = Release|Any CPU
		{336A3CBD-F5F2-4DA6-8282-9A0C2703F278}.Debug|Any CPU.ActiveCfg = Debug|Any CPU
		{336A3CBD-F5F2-4DA6-8282-9A0C2703F278}.Debug|Any CPU.Build.0 = Debug|Any CPU
		{336A3CBD-F5F2-4DA6-8282-9A0C2703F278}.Release|Any CPU.ActiveCfg = Release|Any CPU
		{336A3CBD-F5F2-4DA6-8282-9A0C2703F278}.Release|Any CPU.Build.0 = Release|Any CPU
	EndGlobalSection
	GlobalSection(SolutionProperties) = preSolution
		HideSolutionNode = FALSE
	EndGlobalSection
	GlobalSection(ExtensibilityGlobals) = postSolution
		SolutionGuid = {225FC69C-195E-42BF-BF4C-5B7C19DA123D}
	EndGlobalSection
EndGlobal
